
Microsoft Visual Studio Solution File, Format Version 12.00
# Visual Studio 15
VisualStudioVersion = 15.0.27130.2010
MinimumVisualStudioVersion = 10.0.40219.1
Project("{FAE04EC0-301F-11D3-BF4B-00C04F79EFBC}") = "bepminhauchan", "Freelancer\bepminhauchan.csproj", "{49698477-6703-416A-A91C-95AF0B07554F}"
EndProject
Project("{FAE04EC0-301F-11D3-BF4B-00C04F79EFBC}") = "DAO", "DAO\DAO.csproj", "{0EF426DD-0017-4A16-8800-61A37C50FDF5}"
EndProject
Global
	GlobalSection(SolutionConfigurationPlatforms) = preSolution
		Debug|Any CPU = Debug|Any CPU
		Release|Any CPU = Release|Any CPU
	EndGlobalSection
	GlobalSection(ProjectConfigurationPlatforms) = postSolution
		{49698477-6703-416A-A91C-95AF0B07554F}.Debug|Any CPU.ActiveCfg = Debug|Any CPU
		{49698477-6703-416A-A91C-95AF0B07554F}.Debug|Any CPU.Build.0 = Debug|Any CPU
		{49698477-6703-416A-A91C-95AF0B07554F}.Release|Any CPU.ActiveCfg = Release|Any CPU
		{49698477-6703-416A-A91C-95AF0B07554F}.Release|Any CPU.Build.0 = Release|Any CPU
		{0EF426DD-0017-4A16-8800-61A37C50FDF5}.Debug|Any CPU.ActiveCfg = Debug|Any CPU
		{0EF426DD-0017-4A16-8800-61A37C50FDF5}.Debug|Any CPU.Build.0 = Debug|Any CPU
		{0EF426DD-0017-4A16-8800-61A37C50FDF5}.Release|Any CPU.ActiveCfg = Release|Any CPU
		{0EF426DD-0017-4A16-8800-61A37C50FDF5}.Release|Any CPU.Build.0 = Release|Any CPU
	EndGlobalSection
	GlobalSection(SolutionProperties) = preSolution
		HideSolutionNode = FALSE
	EndGlobalSection
	GlobalSection(ExtensibilityGlobals) = postSolution
		SolutionGuid = {192ED206-07C9-426F-B3DB-29E17ED7CF5A}
	EndGlobalSection
EndGlobal
